// !$*UTF8*$!
{
	archiveVersion = 1;
	classes = {
	};
	objectVersion = 50;
	objects = {

/* Begin PBXBuildFile section */
		4E7930EB795BC0BEACCFCE50 /* Pods_Teste_App.framework in Frameworks */ = {isa = PBXBuildFile; fileRef = 6D145CA9715295C5DE91CCD5 /* Pods_Teste_App.framework */; };
		80D472852569717700DD860B /* AppDelegate.swift in Sources */ = {isa = PBXBuildFile; fileRef = 80D472842569717700DD860B /* AppDelegate.swift */; };
		80D472872569717700DD860B /* SceneDelegate.swift in Sources */ = {isa = PBXBuildFile; fileRef = 80D472862569717700DD860B /* SceneDelegate.swift */; };
		80D472892569717700DD860B /* ViewController.swift in Sources */ = {isa = PBXBuildFile; fileRef = 80D472882569717700DD860B /* ViewController.swift */; };
		80D4728C2569717700DD860B /* Main.storyboard in Resources */ = {isa = PBXBuildFile; fileRef = 80D4728A2569717700DD860B /* Main.storyboard */; };
		80D4728E2569717900DD860B /* Assets.xcassets in Resources */ = {isa = PBXBuildFile; fileRef = 80D4728D2569717900DD860B /* Assets.xcassets */; };
		80D472912569717900DD860B /* LaunchScreen.storyboard in Resources */ = {isa = PBXBuildFile; fileRef = 80D4728F2569717900DD860B /* LaunchScreen.storyboard */; };
/* End PBXBuildFile section */

/* Begin PBXFileReference section */
		3B58AB82AFAD8DE419930DE0 /* Pods-Teste_App.debug.xcconfig */ = {isa = PBXFileReference; includeInIndex = 1; lastKnownFileType = text.xcconfig; name = "Pods-Teste_App.debug.xcconfig"; path = "Target Support Files/Pods-Teste_App/Pods-Teste_App.debug.xcconfig"; sourceTree = "<group>"; };
		6D145CA9715295C5DE91CCD5 /* Pods_Teste_App.framework */ = {isa = PBXFileReference; explicitFileType = wrapper.framework; includeInIndex = 0; path = Pods_Teste_App.framework; sourceTree = BUILT_PRODUCTS_DIR; };
		80D472812569717700DD860B /* Teste_App.app */ = {isa = PBXFileReference; explicitFileType = wrapper.application; includeInIndex = 0; path = Teste_App.app; sourceTree = BUILT_PRODUCTS_DIR; };
		80D472842569717700DD860B /* AppDelegate.swift */ = {isa = PBXFileReference; lastKnownFileType = sourcecode.swift; path = AppDelegate.swift; sourceTree = "<group>"; };
		80D472862569717700DD860B /* SceneDelegate.swift */ = {isa = PBXFileReference; lastKnownFileType = sourcecode.swift; path = SceneDelegate.swift; sourceTree = "<group>"; };
		80D472882569717700DD860B /* ViewController.swift */ = {isa = PBXFileReference; lastKnownFileType = sourcecode.swift; path = ViewController.swift; sourceTree = "<group>"; };
		80D4728B2569717700DD860B /* Base */ = {isa = PBXFileReference; lastKnownFileType = file.storyboard; name = Base; path = Base.lproj/Main.storyboard; sourceTree = "<group>"; };
		80D4728D2569717900DD860B /* Assets.xcassets */ = {isa = PBXFileReference; lastKnownFileType = folder.assetcatalog; path = Assets.xcassets; sourceTree = "<group>"; };
		80D472902569717900DD860B /* Base */ = {isa = PBXFileReference; lastKnownFileType = file.storyboard; name = Base; path = Base.lproj/LaunchScreen.storyboard; sourceTree = "<group>"; };
		80D472922569717900DD860B /* Info.plist */ = {isa = PBXFileReference; lastKnownFileType = text.plist.xml; path = Info.plist; sourceTree = "<group>"; };
		A7FF13577E467007EBC0EC68 /* Pods-Teste_App.release.xcconfig */ = {isa = PBXFileReference; includeInIndex = 1; lastKnownFileType = text.xcconfig; name = "Pods-Teste_App.release.xcconfig"; path = "Target Support Files/Pods-Teste_App/Pods-Teste_App.release.xcconfig"; sourceTree = "<group>"; };
/* End PBXFileReference section */

/* Begin PBXFrameworksBuildPhase section */
		80D4727E2569717700DD860B /* Frameworks */ = {
			isa = PBXFrameworksBuildPhase;
			buildActionMask = 2147483647;
			files = (
				4E7930EB795BC0BEACCFCE50 /* Pods_Teste_App.framework in Frameworks */,
			);
			runOnlyForDeploymentPostprocessing = 0;
		};
/* End PBXFrameworksBuildPhase section */

/* Begin PBXGroup section */
		3E8A904070FDDF381ECF0055 /* Frameworks */ = {
			isa = PBXGroup;
			children = (
				6D145CA9715295C5DE91CCD5 /* Pods_Teste_App.framework */,
			);
			name = Frameworks;
			sourceTree = "<group>";
		};
		80D472782569717700DD860B = {
			isa = PBXGroup;
			children = (
				80D472832569717700DD860B /* Teste_App */,
				80D472822569717700DD860B /* Products */,
				C86F92B55670DD15F2C99734 /* Pods */,
				3E8A904070FDDF381ECF0055 /* Frameworks */,
			);
			sourceTree = "<group>";
		};
		80D472822569717700DD860B /* Products */ = {
			isa = PBXGroup;
			children = (
				80D472812569717700DD860B /* Teste_App.app */,
			);
			name = Products;
			sourceTree = "<group>";
		};
		80D472832569717700DD860B /* Teste_App */ = {
			isa = PBXGroup;
			children = (
				80D472842569717700DD860B /* AppDelegate.swift */,
				80D472862569717700DD860B /* SceneDelegate.swift */,
				80D472882569717700DD860B /* ViewController.swift */,
				80D4728A2569717700DD860B /* Main.storyboard */,
				80D4728D2569717900DD860B /* Assets.xcassets */,
				80D4728F2569717900DD860B /* LaunchScreen.storyboard */,
				80D472922569717900DD860B /* Info.plist */,
			);
			path = Teste_App;
			sourceTree = "<group>";
		};
		C86F92B55670DD15F2C99734 /* Pods */ = {
			isa = PBXGroup;
			children = (
				3B58AB82AFAD8DE419930DE0 /* Pods-Teste_App.debug.xcconfig */,
				A7FF13577E467007EBC0EC68 /* Pods-Teste_App.release.xcconfig */,
			);
			name = Pods;
			path = Pods;
			sourceTree = "<group>";
		};
/* End PBXGroup section */

/* Begin PBXNativeTarget section */
		80D472802569717700DD860B /* Teste_App */ = {
			isa = PBXNativeTarget;
			buildConfigurationList = 80D472952569717900DD860B /* Build configuration list for PBXNativeTarget "Teste_App" */;
			buildPhases = (
				F82A71B41CE230C684F25BB9 /* [CP] Check Pods Manifest.lock */,
				80D4727D2569717700DD860B /* Sources */,
				80D4727E2569717700DD860B /* Frameworks */,
				80D4727F2569717700DD860B /* Resources */,
				FEFE99519277C5C35E258DE1 /* [CP] Copy Pods Resources */,
			);
			buildRules = (
			);
			dependencies = (
			);
			name = Teste_App;
			productName = Teste_App;
			productReference = 80D472812569717700DD860B /* Teste_App.app */;
			productType = "com.apple.product-type.application";
		};
/* End PBXNativeTarget section */

/* Begin PBXProject section */
		80D472792569717700DD860B /* Project object */ = {
			isa = PBXProject;
			attributes = {
				LastSwiftUpdateCheck = 1170;
				LastUpgradeCheck = 1170;
				ORGANIZATIONNAME = C84396A;
				TargetAttributes = {
					80D472802569717700DD860B = {
						CreatedOnToolsVersion = 11.7;
					};
				};
			};
			buildConfigurationList = 80D4727C2569717700DD860B /* Build configuration list for PBXProject "Teste_App" */;
			compatibilityVersion = "Xcode 9.3";
			developmentRegion = en;
			hasScannedForEncodings = 0;
			knownRegions = (
				en,
				Base,
			);
			mainGroup = 80D472782569717700DD860B;
			productRefGroup = 80D472822569717700DD860B /* Products */;
			projectDirPath = "";
			projectRoot = "";
			targets = (
				80D472802569717700DD860B /* Teste_App */,
			);
		};
/* End PBXProject section */

/* Begin PBXResourcesBuildPhase section */
		80D4727F2569717700DD860B /* Resources */ = {
			isa = PBXResourcesBuildPhase;
			buildActionMask = 2147483647;
			files = (
				80D472912569717900DD860B /* LaunchScreen.storyboard in Resources */,
				80D4728E2569717900DD860B /* Assets.xcassets in Resources */,
				80D4728C2569717700DD860B /* Main.storyboard in Resources */,
			);
			runOnlyForDeploymentPostprocessing = 0;
		};
/* End PBXResourcesBuildPhase section */

/* Begin PBXShellScriptBuildPhase section */
		F82A71B41CE230C684F25BB9 /* [CP] Check Pods Manifest.lock */ = {
			isa = PBXShellScriptBuildPhase;
			buildActionMask = 2147483647;
			files = (
			);
			inputFileListPaths = (
			);
			inputPaths = (
				"${PODS_PODFILE_DIR_PATH}/Podfile.lock",
				"${PODS_ROOT}/Manifest.lock",
			);
			name = "[CP] Check Pods Manifest.lock";
			outputFileListPaths = (
			);
			outputPaths = (
				"$(DERIVED_FILE_DIR)/Pods-Teste_App-checkManifestLockResult.txt",
			);
			runOnlyForDeploymentPostprocessing = 0;
			shellPath = /bin/sh;
			shellScript = "diff \"${PODS_PODFILE_DIR_PATH}/Podfile.lock\" \"${PODS_ROOT}/Manifest.lock\" > /dev/null\nif [ $? != 0 ] ; then\n    # print error to STDERR\n    echo \"error: The sandbox is not in sync with the Podfile.lock. Run 'pod install' or update your CocoaPods installation.\" >&2\n    exit 1\nfi\n# This output is used by Xcode 'outputs' to avoid re-running this script phase.\necho \"SUCCESS\" > \"${SCRIPT_OUTPUT_FILE_0}\"\n";
			showEnvVarsInLog = 0;
		};
		FEFE99519277C5C35E258DE1 /* [CP] Copy Pods Resources */ = {
			isa = PBXShellScriptBuildPhase;
			buildActionMask = 2147483647;
			files = (
			);
			inputFileListPaths = (
				"${PODS_ROOT}/Target Support Files/Pods-Teste_App/Pods-Teste_App-resources-${CONFIGURATION}-input-files.xcfilelist",
			);
			name = "[CP] Copy Pods Resources";
			outputFileListPaths = (
				"${PODS_ROOT}/Target Support Files/Pods-Teste_App/Pods-Teste_App-resources-${CONFIGURATION}-output-files.xcfilelist",
			);
			runOnlyForDeploymentPostprocessing = 0;
			shellPath = /bin/sh;
			shellScript = "\"${PODS_ROOT}/Target Support Files/Pods-Teste_App/Pods-Teste_App-resources.sh\"\n";
			showEnvVarsInLog = 0;
		};
/* End PBXShellScriptBuildPhase section */

/* Begin PBXSourcesBuildPhase section */
		80D4727D2569717700DD860B /* Sources */ = {
			isa = PBXSourcesBuildPhase;
			buildActionMask = 2147483647;
			files = (
				80D472892569717700DD860B /* ViewController.swift in Sources */,
				80D472852569717700DD860B /* AppDelegate.swift in Sources */,
				80D472872569717700DD860B /* SceneDelegate.swift in Sources */,
			);
			runOnlyForDeploymentPostprocessing = 0;
		};
/* End PBXSourcesBuildPhase section */

/* Begin PBXVariantGroup section */
		80D4728A2569717700DD860B /* Main.storyboard */ = {
			isa = PBXVariantGroup;
			children = (
				80D4728B2569717700DD860B /* Base */,
			);
			name = Main.storyboard;
			sourceTree = "<group>";
		};
		80D4728F2569717900DD860B /* LaunchScreen.storyboard */ = {
			isa = PBXVariantGroup;
			children = (
				80D472902569717900DD860B /* Base */,
			);
			name = LaunchScreen.storyboard;
			sourceTree = "<group>";
		};
/* End PBXVariantGroup section */

/* Begin XCBuildConfiguration section */
		80D472932569717900DD860B /* Debug */ = {
			isa = XCBuildConfiguration;
			buildSettings = {
				ALWAYS_SEARCH_USER_PATHS = NO;
				CLANG_ANALYZER_NONNULL = YES;
				CLANG_ANALYZER_NUMBER_OBJECT_CONVERSION = YES_AGGRESSIVE;
				CLANG_CXX_LANGUAGE_STANDARD = "gnu++14";
				CLANG_CXX_LIBRARY = "libc++";
				CLANG_ENABLE_MODULES = YES;
				CLANG_ENABLE_OBJC_ARC = YES;
				CLANG_ENABLE_OBJC_WEAK = YES;
				CLANG_WARN_BLOCK_CAPTURE_AUTORELEASING = YES;
				CLANG_WARN_BOOL_CONVERSION = YES;
				CLANG_WARN_COMMA = YES;
				CLANG_WARN_CONSTANT_CONVERSION = YES;
				CLANG_WARN_DEPRECATED_OBJC_IMPLEMENTATIONS = YES;
				CLANG_WARN_DIRECT_OBJC_ISA_USAGE = YES_ERROR;
				CLANG_WARN_DOCUMENTATION_COMMENTS = YES;
				CLANG_WARN_EMPTY_BODY = YES;
				CLANG_WARN_ENUM_CONVERSION = YES;
				CLANG_WARN_INFINITE_RECURSION = YES;
				CLANG_WARN_INT_CONVERSION = YES;
				CLANG_WARN_NON_LITERAL_NULL_CONVERSION = YES;
				CLANG_WARN_OBJC_IMPLICIT_RETAIN_SELF = YES;
				CLANG_WARN_OBJC_LITERAL_CONVERSION = YES;
				CLANG_WARN_OBJC_ROOT_CLASS = YES_ERROR;
				CLANG_WARN_RANGE_LOOP_ANALYSIS = YES;
				CLANG_WARN_STRICT_PROTOTYPES = YES;
				CLANG_WARN_SUSPICIOUS_MOVE = YES;
				CLANG_WARN_UNGUARDED_AVAILABILITY = YES_AGGRESSIVE;
				CLANG_WARN_UNREACHABLE_CODE = YES;
				CLANG_WARN__DUPLICATE_METHOD_MATCH = YES;
				COPY_PHASE_STRIP = NO;
				DEBUG_INFORMATION_FORMAT = dwarf;
				ENABLE_STRICT_OBJC_MSGSEND = YES;
				ENABLE_TESTABILITY = YES;
				GCC_C_LANGUAGE_STANDARD = gnu11;
				GCC_DYNAMIC_NO_PIC = NO;
				GCC_NO_COMMON_BLOCKS = YES;
				GCC_OPTIMIZATION_LEVEL = 0;
				GCC_PREPROCESSOR_DEFINITIONS = (
					"DEBUG=1",
					"$(inherited)",
				);
				GCC_WARN_64_TO_32_BIT_CONVERSION = YES;
				GCC_WARN_ABOUT_RETURN_TYPE = YES_ERROR;
				GCC_WARN_UNDECLARED_SELECTOR = YES;
				GCC_WARN_UNINITIALIZED_AUTOS = YES_AGGRESSIVE;
				GCC_WARN_UNUSED_FUNCTION = YES;
				GCC_WARN_UNUSED_VARIABLE = YES;
				IPHONEOS_DEPLOYMENT_TARGET = 13.7;
				MTL_ENABLE_DEBUG_INFO = INCLUDE_SOURCE;
				MTL_FAST_MATH = YES;
				ONLY_ACTIVE_ARCH = YES;
				SDKROOT = iphoneos;
				SWIFT_ACTIVE_COMPILATION_CONDITIONS = DEBUG;
				SWIFT_OPTIMIZATION_LEVEL = "-Onone";
			};
			name = Debug;
		};
		80D472942569717900DD860B /* Release */ = {
			isa = XCBuildConfiguration;
			buildSettings = {
				ALWAYS_SEARCH_USER_PATHS = NO;
				CLANG_ANALYZER_NONNULL = YES;
				CLANG_ANALYZER_NUMBER_OBJECT_CONVERSION = YES_AGGRESSIVE;
				CLANG_CXX_LANGUAGE_STANDARD = "gnu++14";
				CLANG_CXX_LIBRARY = "libc++";
				CLANG_ENABLE_MODULES = YES;
				CLANG_ENABLE_OBJC_ARC = YES;
				CLANG_ENABLE_OBJC_WEAK = YES;
				CLANG_WARN_BLOCK_CAPTURE_AUTORELEASING = YES;
				CLANG_WARN_BOOL_CONVERSION = YES;
				CLANG_WARN_COMMA = YES;
				CLANG_WARN_CONSTANT_CONVERSION = YES;
				CLANG_WARN_DEPRECATED_OBJC_IMPLEMENTATIONS = YES;
				CLANG_WARN_DIRECT_OBJC_ISA_USAGE = YES_ERROR;
				CLANG_WARN_DOCUMENTATION_COMMENTS = YES;
				CLANG_WARN_EMPTY_BODY = YES;
				CLANG_WARN_ENUM_CONVERSION = YES;
				CLANG_WARN_INFINITE_RECURSION = YES;
				CLANG_WARN_INT_CONVERSION = YES;
				CLANG_WARN_NON_LITERAL_NULL_CONVERSION = YES;
				CLANG_WARN_OBJC_IMPLICIT_RETAIN_SELF = YES;
				CLANG_WARN_OBJC_LITERAL_CONVERSION = YES;
				CLANG_WARN_OBJC_ROOT_CLASS = YES_ERROR;
				CLANG_WARN_RANGE_LOOP_ANALYSIS = YES;
				CLANG_WARN_STRICT_PROTOTYPES = YES;
				CLANG_WARN_SUSPICIOUS_MOVE = YES;
				CLANG_WARN_UNGUARDED_AVAILABILITY = YES_AGGRESSIVE;
				CLANG_WARN_UNREACHABLE_CODE = YES;
				CLANG_WARN__DUPLICATE_METHOD_MATCH = YES;
				COPY_PHASE_STRIP = NO;
				DEBUG_INFORMATION_FORMAT = "dwarf-with-dsym";
				ENABLE_NS_ASSERTIONS = NO;
				ENABLE_STRICT_OBJC_MSGSEND = YES;
				GCC_C_LANGUAGE_STANDARD = gnu11;
				GCC_NO_COMMON_BLOCKS = YES;
				GCC_WARN_64_TO_32_BIT_CONVERSION = YES;
				GCC_WARN_ABOUT_RETURN_TYPE = YES_ERROR;
				GCC_WARN_UNDECLARED_SELECTOR = YES;
				GCC_WARN_UNINITIALIZED_AUTOS = YES_AGGRESSIVE;
				GCC_WARN_UNUSED_FUNCTION = YES;
				GCC_WARN_UNUSED_VARIABLE = YES;
				IPHONEOS_DEPLOYMENT_TARGET = 13.7;
				MTL_ENABLE_DEBUG_INFO = NO;
				MTL_FAST_MATH = YES;
				SDKROOT = iphoneos;
				SWIFT_COMPILATION_MODE = wholemodule;
				SWIFT_OPTIMIZATION_LEVEL = "-O";
				VALIDATE_PRODUCT = YES;
			};
			name = Release;
		};
		80D472962569717900DD860B /* Debug */ = {
			isa = XCBuildConfiguration;
			baseConfigurationReference = 3B58AB82AFAD8DE419930DE0 /* Pods-Teste_App.debug.xcconfig */;
			buildSettings = {
				ASSETCATALOG_COMPILER_APPICON_NAME = AppIcon;
				CODE_SIGN_STYLE = Automatic;
				DEVELOPMENT_TEAM = 9FZ2BLK55Z;
				INFOPLIST_FILE = Teste_App/Info.plist;
				LD_RUNPATH_SEARCH_PATHS = (
					"$(inherited)",
					"@executable_path/Frameworks",
				);
				PRODUCT_BUNDLE_IDENTIFIER = "c84396a.Teste-App";
				PRODUCT_NAME = "$(TARGET_NAME)";
				SWIFT_VERSION = 5.0;
				TARGETED_DEVICE_FAMILY = "1,2";
			};
			name = Debug;
		};
		80D472972569717900DD860B /* Release */ = {
			isa = XCBuildConfiguration;
			baseConfigurationReference = A7FF13577E467007EBC0EC68 /* Pods-Teste_App.release.xcconfig */;
			buildSettings = {
				ASSETCATALOG_COMPILER_APPICON_NAME = AppIcon;
				CODE_SIGN_STYLE = Automatic;
				DEVELOPMENT_TEAM = 9FZ2BLK55Z;
				INFOPLIST_FILE = Teste_App/Info.plist;
				LD_RUNPATH_SEARCH_PATHS = (
					"$(inherited)",
					"@executable_path/Frameworks",
				);
				PRODUCT_BUNDLE_IDENTIFIER = "c84396a.Teste-App";
				PRODUCT_NAME = "$(TARGET_NAME)";
				SWIFT_VERSION = 5.0;
				TARGETED_DEVICE_FAMILY = "1,2";
			};
			name = Release;
		};
/* End XCBuildConfiguration section */

/* Begin XCConfigurationList section */
		80D4727C2569717700DD860B /* Build configuration list for PBXProject "Teste_App" */ = {
			isa = XCConfigurationList;
			buildConfigurations = (
				80D472932569717900DD860B /* Debug */,
				80D472942569717900DD860B /* Release */,
			);
			defaultConfigurationIsVisible = 0;
			defaultConfigurationName = Release;
		};
		80D472952569717900DD860B /* Build configuration list for PBXNativeTarget "Teste_App" */ = {
			isa = XCConfigurationList;
			buildConfigurations = (
				80D472962569717900DD860B /* Debug */,
				80D472972569717900DD860B /* Release */,
			);
			defaultConfigurationIsVisible = 0;
			defaultConfigurationName = Release;
		};
/* End XCConfigurationList section */
	};
	rootObject = 80D472792569717700DD860B /* Project object */;
}
